dependencies:
- name: aws-load-balancer-controller
  repository: https://aws.github.io/eks-charts
  version: 1.6.2
- name: aws-efs-csi-driver
  repository: https://kubernetes-sigs.github.io/aws-efs-csi-driver/
  version: 2.5.0
digest: sha256:99e2dc7a6bc1db2f4fb46448a16d367a614931b4d7ec38086fd0fbab62fd11eb
generated: "2023-11-03T14:44:24.920486007-07:00"
